
Microsoft Visual Studio Solution File, Format Version 12.00
# Visual Studio Version 17
VisualStudioVersion = 17.0.31903.59
MinimumVisualStudioVersion = 10.0.40219.1
Project("{9A19103F-16F7-4668-BE54-9A1E7A4F7556}") = "LsChanged", "LsChanged\LsChanged.csproj", "{3925E1FA-2640-4790-95AF-61507153CC29}"
EndProject
Project("{9A19103F-16F7-4668-BE54-9A1E7A4F7556}") = "GzipLab", "GzipLab\GzipLab.csproj", "{10AE1571-CEF8-43E9-88B3-19B9EA006D0E}"
EndProject
Global
	GlobalSection(SolutionConfigurationPlatforms) = preSolution
		Debug|Any CPU = Debug|Any CPU
		Release|Any CPU = Release|Any CPU
	EndGlobalSection
	GlobalSection(ProjectConfigurationPlatforms) = postSolution
		{3925E1FA-2640-4790-95AF-61507153CC29}.Debug|Any CPU.ActiveCfg = Debug|Any CPU
		{3925E1FA-2640-4790-95AF-61507153CC29}.Debug|Any CPU.Build.0 = Debug|Any CPU
		{3925E1FA-2640-4790-95AF-61507153CC29}.Release|Any CPU.ActiveCfg = Release|Any CPU
		{3925E1FA-2640-4790-95AF-61507153CC29}.Release|Any CPU.Build.0 = Release|Any CPU
		{10AE1571-CEF8-43E9-88B3-19B9EA006D0E}.Debug|Any CPU.ActiveCfg = Debug|Any CPU
		{10AE1571-CEF8-43E9-88B3-19B9EA006D0E}.Debug|Any CPU.Build.0 = Debug|Any CPU
		{10AE1571-CEF8-43E9-88B3-19B9EA006D0E}.Release|Any CPU.ActiveCfg = Release|Any CPU
		{10AE1571-CEF8-43E9-88B3-19B9EA006D0E}.Release|Any CPU.Build.0 = Release|Any CPU
		{092C393E-790A-4BC0-92D1-4B1E569783E9}.Debug|Any CPU.ActiveCfg = Debug|Any CPU
		{092C393E-790A-4BC0-92D1-4B1E569783E9}.Debug|Any CPU.Build.0 = Debug|Any CPU
		{092C393E-790A-4BC0-92D1-4B1E569783E9}.Release|Any CPU.ActiveCfg = Release|Any CPU
		{092C393E-790A-4BC0-92D1-4B1E569783E9}.Release|Any CPU.Build.0 = Release|Any CPU
	EndGlobalSection
	GlobalSection(SolutionProperties) = preSolution
		HideSolutionNode = FALSE
	EndGlobalSection
	GlobalSection(ExtensibilityGlobals) = postSolution
		SolutionGuid = {810421FC-8A79-4761-8D27-E6E59743C4B1}
	EndGlobalSection
EndGlobal
